PODS:
  - DBable (0.1.1):
    - FMDB
  - FMDB (2.7.2):
    - FMDB/standard (= 2.7.2)
  - FMDB/standard (2.7.2)

DEPENDENCIES:
  - DBable (from `../`)
  - FMDB

SPEC REPOS:
  https://github.com/cocoapods/specs.git:
    - FMDB

EXTERNAL SOURCES:
  DBable:
    :path: "../"

SPEC CHECKSUMS:
  DBable: 0f4ea911c66c1802a2d8a926f90283fc61c88365
  FMDB: 6198a90e7b6900cfc046e6bc0ef6ebb7be9236aa

PODFILE CHECKSUM: e28536da175971cff6e3ab42a75c6cd0eda0c1d4

COCOAPODS: 1.5.3
